// !$*UTF8*$!
{
	archiveVersion = 1;
	classes = {
	};
	objectVersion = 46;
	objects = {

/* Begin PBXBuildFile section */
		174AC86BB9CEB6F6C9DC81C4 /* Pods_YesReady.framework in Frameworks */ = {isa = PBXBuildFile; fileRef = 71A47FDB54F3174F0C8BAA5F /* Pods_YesReady.framework */; };
		A217C2781F7C7FC300F1D3BD /* GoogleService-Info.plist in Resources */ = {isa = PBXBuildFile; fileRef = A217C2771F7C7FC300F1D3BD /* GoogleService-Info.plist */; };
		A217C27A1F7C83D900F1D3BD /* GoogleToolboxForMac.framework in Frameworks */ = {isa = PBXBuildFile; fileRef = A217C2791F7C83D900F1D3BD /* GoogleToolboxForMac.framework */; };
		A217C27C1F7C846B00F1D3BD /* nanopb.framework in Frameworks */ = {isa = PBXBuildFile; fileRef = A217C27B1F7C846B00F1D3BD /* nanopb.framework */; };
		A217C27E1F7C84B300F1D3BD /* iAd.framework in Frameworks */ = {isa = PBXBuildFile; fileRef = A217C27D1F7C84B300F1D3BD /* iAd.framework */; };
		A2B79BA41F85DE4A009A0FBA /* climb.jpg in Resources */ = {isa = PBXBuildFile; fileRef = A2B79BA31F85DE4A009A0FBA /* climb.jpg */; };
		A2B79BAA1F85EE55009A0FBA /* LoginViewController.swift in Sources */ = {isa = PBXBuildFile; fileRef = A2B79BA91F85EE55009A0FBA /* LoginViewController.swift */; };
		A2BC22421F79D7DB00CBDE3B /* AppDelegate.swift in Sources */ = {isa = PBXBuildFile; fileRef = A2BC22411F79D7DB00CBDE3B /* AppDelegate.swift */; };
		A2BC22441F79D7DB00CBDE3B /* ViewController.swift in Sources */ = {isa = PBXBuildFile; fileRef = A2BC22431F79D7DB00CBDE3B /* ViewController.swift */; };
		A2BC22471F79D7DB00CBDE3B /* Main.storyboard in Resources */ = {isa = PBXBuildFile; fileRef = A2BC22451F79D7DB00CBDE3B /* Main.storyboard */; };
		A2BC22491F79D7DB00CBDE3B /* Assets.xcassets in Resources */ = {isa = PBXBuildFile; fileRef = A2BC22481F79D7DB00CBDE3B /* Assets.xcassets */; };
		A2CB88041F86CB8D00735F25 /* SignupViewController.swift in Sources */ = {isa = PBXBuildFile; fileRef = A2CB88031F86CB8D00735F25 /* SignupViewController.swift */; };
		A2CB88061F86EBCA00735F25 /* ForgotPasswordViewController.swift in Sources */ = {isa = PBXBuildFile; fileRef = A2CB88051F86EBCA00735F25 /* ForgotPasswordViewController.swift */; };
/* End PBXBuildFile section */

/* Begin PBXFileReference section */
		71A47FDB54F3174F0C8BAA5F /* Pods_YesReady.framework */ = {isa = PBXFileReference; explicitFileType = wrapper.framework; includeInIndex = 0; path = Pods_YesReady.framework; sourceTree = BUILT_PRODUCTS_DIR; };
		A217C2771F7C7FC300F1D3BD /* GoogleService-Info.plist */ = {isa = PBXFileReference; fileEncoding = 4; lastKnownFileType = text.plist.xml; path = "GoogleService-Info.plist"; sourceTree = "<group>"; };
		A217C2791F7C83D900F1D3BD /* GoogleToolboxForMac.framework */ = {isa = PBXFileReference; lastKnownFileType = wrapper.framework; name = GoogleToolboxForMac.framework; path = "../../Library/Developer/Xcode/DerivedData/YesReady-euenwgnluwuyuidcelkulbmtmaau/Build/Products/Debug-iphonesimulator/GoogleToolboxForMac/GoogleToolboxForMac.framework"; sourceTree = "<group>"; };
		A217C27B1F7C846B00F1D3BD /* nanopb.framework */ = {isa = PBXFileReference; lastKnownFileType = wrapper.framework; name = nanopb.framework; path = "../../Library/Developer/Xcode/DerivedData/YesReady-euenwgnluwuyuidcelkulbmtmaau/Build/Products/Debug-iphonesimulator/nanopb/nanopb.framework"; sourceTree = "<group>"; };
		A217C27D1F7C84B300F1D3BD /* iAd.framework */ = {isa = PBXFileReference; lastKnownFileType = wrapper.framework; name = iAd.framework; path = System/Library/Frameworks/iAd.framework; sourceTree = SDKROOT; };
		A2B79BA31F85DE4A009A0FBA /* climb.jpg */ = {isa = PBXFileReference; lastKnownFileType = image.jpeg; name = climb.jpg; path = ../../../Downloads/climb.jpg; sourceTree = "<group>"; };
		A2B79BA91F85EE55009A0FBA /* LoginViewController.swift */ = {isa = PBXFileReference; fileEncoding = 4; lastKnownFileType = sourcecode.swift; path = LoginViewController.swift; sourceTree = "<group>"; };
		A2BC223E1F79D7DB00CBDE3B /* YesReady.app */ = {isa = PBXFileReference; explicitFileType = wrapper.application; includeInIndex = 0; path = YesReady.app; sourceTree = BUILT_PRODUCTS_DIR; };
		A2BC22411F79D7DB00CBDE3B /* AppDelegate.swift */ = {isa = PBXFileReference; lastKnownFileType = sourcecode.swift; path = AppDelegate.swift; sourceTree = "<group>"; };
		A2BC22431F79D7DB00CBDE3B /* ViewController.swift */ = {isa = PBXFileReference; lastKnownFileType = sourcecode.swift; path = ViewController.swift; sourceTree = "<group>"; };
		A2BC22461F79D7DB00CBDE3B /* Base */ = {isa = PBXFileReference; lastKnownFileType = file.storyboard; name = Base; path = Base.lproj/Main.storyboard; sourceTree = "<group>"; };
		A2BC22481F79D7DB00CBDE3B /* Assets.xcassets */ = {isa = PBXFileReference; lastKnownFileType = folder.assetcatalog; path = Assets.xcassets; sourceTree = "<group>"; };
		A2BC224D1F79D7DB00CBDE3B /* Info.plist */ = {isa = PBXFileReference; lastKnownFileType = text.plist.xml; path = Info.plist; sourceTree = "<group>"; };
		A2CB88031F86CB8D00735F25 /* SignupViewController.swift */ = {isa = PBXFileReference; fileEncoding = 4; lastKnownFileType = sourcecode.swift; path = SignupViewController.swift; sourceTree = "<group>"; };
		A2CB88051F86EBCA00735F25 /* ForgotPasswordViewController.swift */ = {isa = PBXFileReference; fileEncoding = 4; lastKnownFileType = sourcecode.swift; path = ForgotPasswordViewController.swift; sourceTree = "<group>"; };
		AEE195BDE70D998F2A6A73D2 /* Pods-YesReady.debug.xcconfig */ = {isa = PBXFileReference; includeInIndex = 1; lastKnownFileType = text.xcconfig; name = "Pods-YesReady.debug.xcconfig"; path = "Pods/Target Support Files/Pods-YesReady/Pods-YesReady.debug.xcconfig"; sourceTree = "<group>"; };
		B4EBEB60EAF929631F218FBF /* Pods-YesReady.release.xcconfig */ = {isa = PBXFileReference; includeInIndex = 1; lastKnownFileType = text.xcconfig; name = "Pods-YesReady.release.xcconfig"; path = "Pods/Target Support Files/Pods-YesReady/Pods-YesReady.release.xcconfig"; sourceTree = "<group>"; };
/* End PBXFileReference section */

/* Begin PBXFrameworksBuildPhase section */
		A2BC223B1F79D7DB00CBDE3B /* Frameworks */ = {
			isa = PBXFrameworksBuildPhase;
			buildActionMask = 2147483647;
			files = (
				A217C27E1F7C84B300F1D3BD /* iAd.framework in Frameworks */,
				A217C27C1F7C846B00F1D3BD /* nanopb.framework in Frameworks */,
				A217C27A1F7C83D900F1D3BD /* GoogleToolboxForMac.framework in Frameworks */,
				174AC86BB9CEB6F6C9DC81C4 /* Pods_YesReady.framework in Frameworks */,
			);
			runOnlyForDeploymentPostprocessing = 0;
		};
/* End PBXFrameworksBuildPhase section */

/* Begin PBXGroup section */
		5BC4134BD46838368F833A2D /* Frameworks */ = {
			isa = PBXGroup;
			children = (
				A217C27D1F7C84B300F1D3BD /* iAd.framework */,
				A217C27B1F7C846B00F1D3BD /* nanopb.framework */,
				A217C2791F7C83D900F1D3BD /* GoogleToolboxForMac.framework */,
				71A47FDB54F3174F0C8BAA5F /* Pods_YesReady.framework */,
			);
			name = Frameworks;
			sourceTree = "<group>";
		};
		A2BC22351F79D7DA00CBDE3B = {
			isa = PBXGroup;
			children = (
				A217C2771F7C7FC300F1D3BD /* GoogleService-Info.plist */,
				A2BC22401F79D7DB00CBDE3B /* YesReady */,
				A2BC223F1F79D7DB00CBDE3B /* Products */,
				B32A31002C1BC15B6522BE43 /* Pods */,
				5BC4134BD46838368F833A2D /* Frameworks */,
			);
			sourceTree = "<group>";
		};
		A2BC223F1F79D7DB00CBDE3B /* Products */ = {
			isa = PBXGroup;
			children = (
				A2BC223E1F79D7DB00CBDE3B /* YesReady.app */,
			);
			name = Products;
			sourceTree = "<group>";
		};
		A2BC22401F79D7DB00CBDE3B /* YesReady */ = {
			isa = PBXGroup;
			children = (
				A2BC22411F79D7DB00CBDE3B /* AppDelegate.swift */,
				A2BC22431F79D7DB00CBDE3B /* ViewController.swift */,
				A2B79BA91F85EE55009A0FBA /* LoginViewController.swift */,
				A2CB88031F86CB8D00735F25 /* SignupViewController.swift */,
				A2BC22451F79D7DB00CBDE3B /* Main.storyboard */,
				A2CB88051F86EBCA00735F25 /* ForgotPasswordViewController.swift */,
				A2BC22481F79D7DB00CBDE3B /* Assets.xcassets */,
				A2B79BA31F85DE4A009A0FBA /* climb.jpg */,
				A2BC224D1F79D7DB00CBDE3B /* Info.plist */,
			);
			path = YesReady;
			sourceTree = "<group>";
		};
		B32A31002C1BC15B6522BE43 /* Pods */ = {
			isa = PBXGroup;
			children = (
				AEE195BDE70D998F2A6A73D2 /* Pods-YesReady.debug.xcconfig */,
				B4EBEB60EAF929631F218FBF /* Pods-YesReady.release.xcconfig */,
			);
			name = Pods;
			sourceTree = "<group>";
		};
/* End PBXGroup section */

/* Begin PBXNativeTarget section */
		A2BC223D1F79D7DB00CBDE3B /* YesReady */ = {
			isa = PBXNativeTarget;
			buildConfigurationList = A2BC22501F79D7DB00CBDE3B /* Build configuration list for PBXNativeTarget "YesReady" */;
			buildPhases = (
				424646334B00E352DA110955 /* [CP] Check Pods Manifest.lock */,
				A2BC223A1F79D7DB00CBDE3B /* Sources */,
				A2BC223B1F79D7DB00CBDE3B /* Frameworks */,
				A2BC223C1F79D7DB00CBDE3B /* Resources */,
				4C75241F4BB021F3C88A5750 /* [CP] Embed Pods Frameworks */,
				4AC25001056A5E24530D6E03 /* [CP] Copy Pods Resources */,
			);
			buildRules = (
			);
			dependencies = (
			);
			name = YesReady;
			productName = YesReady;
			productReference = A2BC223E1F79D7DB00CBDE3B /* YesReady.app */;
			productType = "com.apple.product-type.application";
		};
/* End PBXNativeTarget section */

/* Begin PBXProject section */
		A2BC22361F79D7DA00CBDE3B /* Project object */ = {
			isa = PBXProject;
			attributes = {
				LastSwiftUpdateCheck = 0830;
				LastUpgradeCheck = 0900;
				ORGANIZATIONNAME = HealthCare;
				TargetAttributes = {
					A2BC223D1F79D7DB00CBDE3B = {
						CreatedOnToolsVersion = 8.3.3;
						LastSwiftMigration = 0900;
						ProvisioningStyle = Automatic;
					};
				};
			};
			buildConfigurationList = A2BC22391F79D7DA00CBDE3B /* Build configuration list for PBXProject "YesReady" */;
			compatibilityVersion = "Xcode 3.2";
			developmentRegion = English;
			hasScannedForEncodings = 0;
			knownRegions = (
				en,
				Base,
			);
			mainGroup = A2BC22351F79D7DA00CBDE3B;
			productRefGroup = A2BC223F1F79D7DB00CBDE3B /* Products */;
			projectDirPath = "";
			projectRoot = "";
			targets = (
				A2BC223D1F79D7DB00CBDE3B /* YesReady */,
			);
		};
/* End PBXProject section */

/* Begin PBXResourcesBuildPhase section */
		A2BC223C1F79D7DB00CBDE3B /* Resources */ = {
			isa = PBXResourcesBuildPhase;
			buildActionMask = 2147483647;
			files = (
				A217C2781F7C7FC300F1D3BD /* GoogleService-Info.plist in Resources */,
				A2BC22491F79D7DB00CBDE3B /* Assets.xcassets in Resources */,
				A2BC22471F79D7DB00CBDE3B /* Main.storyboard in Resources */,
				A2B79BA41F85DE4A009A0FBA /* climb.jpg in Resources */,
			);
			runOnlyForDeploymentPostprocessing = 0;
		};
/* End PBXResourcesBuildPhase section */

/* Begin PBXShellScriptBuildPhase section */
		424646334B00E352DA110955 /* [CP] Check Pods Manifest.lock */ = {
			isa = PBXShellScriptBuildPhase;
			buildActionMask = 2147483647;
			files = (
			);
			inputPaths = (
			);
			name = "[CP] Check Pods Manifest.lock";
			outputPaths = (
			);
			runOnlyForDeploymentPostprocessing = 0;
			shellPath = /bin/sh;
			shellScript = "diff \"${PODS_PODFILE_DIR_PATH}/Podfile.lock\" \"${PODS_ROOT}/Manifest.lock\" > /dev/null\nif [ $? != 0 ] ; then\n    # print error to STDERR\n    echo \"error: The sandbox is not in sync with the Podfile.lock. Run 'pod install' or update your CocoaPods installation.\" >&2\n    exit 1\nfi\n";
			showEnvVarsInLog = 0;
		};
		4AC25001056A5E24530D6E03 /* [CP] Copy Pods Resources */ = {
			isa = PBXShellScriptBuildPhase;
			buildActionMask = 2147483647;
			files = (
			);
			inputPaths = (
			);
			name = "[CP] Copy Pods Resources";
			outputPaths = (
			);
			runOnlyForDeploymentPostprocessing = 0;
			shellPath = /bin/sh;
			shellScript = "\"${SRCROOT}/Pods/Target Support Files/Pods-YesReady/Pods-YesReady-resources.sh\"\n";
			showEnvVarsInLog = 0;
		};
		4C75241F4BB021F3C88A5750 /* [CP] Embed Pods Frameworks */ = {
			isa = PBXShellScriptBuildPhase;
			buildActionMask = 2147483647;
			files = (
			);
			inputPaths = (
			);
			name = "[CP] Embed Pods Frameworks";
			outputPaths = (
			);
			runOnlyForDeploymentPostprocessing = 0;
			shellPath = /bin/sh;
			shellScript = "\"${SRCROOT}/Pods/Target Support Files/Pods-YesReady/Pods-YesReady-frameworks.sh\"\n";
			showEnvVarsInLog = 0;
		};
/* End PBXShellScriptBuildPhase section */

/* Begin PBXSourcesBuildPhase section */
		A2BC223A1F79D7DB00CBDE3B /* Sources */ = {
			isa = PBXSourcesBuildPhase;
			buildActionMask = 2147483647;
			files = (
				A2B79BAA1F85EE55009A0FBA /* LoginViewController.swift in Sources */,
				A2CB88061F86EBCA00735F25 /* ForgotPasswordViewController.swift in Sources */,
				A2BC22441F79D7DB00CBDE3B /* ViewController.swift in Sources */,
				A2CB88041F86CB8D00735F25 /* SignupViewController.swift in Sources */,
				A2BC22421F79D7DB00CBDE3B /* AppDelegate.swift in Sources */,
			);
			runOnlyForDeploymentPostprocessing = 0;
		};
/* End PBXSourcesBuildPhase section */

/* Begin PBXVariantGroup section */
		A2BC22451F79D7DB00CBDE3B /* Main.storyboard */ = {
			isa = PBXVariantGroup;
			children = (
				A2BC22461F79D7DB00CBDE3B /* Base */,
			);
			name = Main.storyboard;
			sourceTree = "<group>";
		};
/* End PBXVariantGroup section */

/* Begin XCBuildConfiguration section */
		A2BC224E1F79D7DB00CBDE3B /* Debug */ = {
			isa = XCBuildConfiguration;
			buildSettings = {
				ALWAYS_SEARCH_USER_PATHS = NO;
				CLANG_ANALYZER_NONNULL = YES;
				CLANG_ANALYZER_NUMBER_OBJECT_CONVERSION = YES_AGGRESSIVE;
				CLANG_CXX_LANGUAGE_STANDARD = "gnu++0x";
				CLANG_CXX_LIBRARY = "libc++";
				CLANG_ENABLE_MODULES = YES;
				CLANG_ENABLE_OBJC_ARC = YES;
				CLANG_WARN_BLOCK_CAPTURE_AUTORELEASING = YES;
				CLANG_WARN_BOOL_CONVERSION = YES;
				CLANG_WARN_COMMA = YES;
				CLANG_WARN_CONSTANT_CONVERSION = YES;
				CLANG_WARN_DIRECT_OBJC_ISA_USAGE = YES_ERROR;
				CLANG_WARN_DOCUMENTATION_COMMENTS = YES;
				CLANG_WARN_EMPTY_BODY = YES;
				CLANG_WARN_ENUM_CONVERSION = YES;
				CLANG_WARN_INFINITE_RECURSION = YES;
				CLANG_WARN_INT_CONVERSION = YES;
				CLANG_WARN_NON_LITERAL_NULL_CONVERSION = YES;
				CLANG_WARN_OBJC_LITERAL_CONVERSION = YES;
				CLANG_WARN_OBJC_ROOT_CLASS = YES_ERROR;
				CLANG_WARN_RANGE_LOOP_ANALYSIS = YES;
				CLANG_WARN_STRICT_PROTOTYPES = YES;
				CLANG_WARN_SUSPICIOUS_MOVE = YES;
				CLANG_WARN_UNREACHABLE_CODE = YES;
				CLANG_WARN__DUPLICATE_METHOD_MATCH = YES;
				"CODE_SIGN_IDENTITY[sdk=iphoneos*]" = "iPhone Developer";
				COPY_PHASE_STRIP = NO;
				DEBUG_INFORMATION_FORMAT = dwarf;
				ENABLE_STRICT_OBJC_MSGSEND = YES;
				ENABLE_TESTABILITY = YES;
				GCC_C_LANGUAGE_STANDARD = gnu99;
				GCC_DYNAMIC_NO_PIC = NO;
				GCC_NO_COMMON_BLOCKS = YES;
				GCC_OPTIMIZATION_LEVEL = 0;
				GCC_PREPROCESSOR_DEFINITIONS = (
					"DEBUG=1",
					"$(inherited)",
				);
				GCC_WARN_64_TO_32_BIT_CONVERSION = YES;
				GCC_WARN_ABOUT_RETURN_TYPE = YES_ERROR;
				GCC_WARN_UNDECLARED_SELECTOR = YES;
				GCC_WARN_UNINITIALIZED_AUTOS = YES_AGGRESSIVE;
				GCC_WARN_UNUSED_FUNCTION = YES;
				GCC_WARN_UNUSED_VARIABLE = YES;
				IPHONEOS_DEPLOYMENT_TARGET = 10.3;
				MTL_ENABLE_DEBUG_INFO = YES;
				ONLY_ACTIVE_ARCH = YES;
				SDKROOT = iphoneos;
				SWIFT_ACTIVE_COMPILATION_CONDITIONS = DEBUG;
				SWIFT_OPTIMIZATION_LEVEL = "-Onone";
			};
			name = Debug;
		};
		A2BC224F1F79D7DB00CBDE3B /* Release */ = {
			isa = XCBuildConfiguration;
			buildSettings = {
				ALWAYS_SEARCH_USER_PATHS = NO;
				CLANG_ANALYZER_NONNULL = YES;
				CLANG_ANALYZER_NUMBER_OBJECT_CONVERSION = YES_AGGRESSIVE;
				CLANG_CXX_LANGUAGE_STANDARD = "gnu++0x";
				CLANG_CXX_LIBRARY = "libc++";
				CLANG_ENABLE_MODULES = YES;
				CLANG_ENABLE_OBJC_ARC = YES;
				CLANG_WARN_BLOCK_CAPTURE_AUTORELEASING = YES;
				CLANG_WARN_BOOL_CONVERSION = YES;
				CLANG_WARN_COMMA = YES;
				CLANG_WARN_CONSTANT_CONVERSION = YES;
				CLANG_WARN_DIRECT_OBJC_ISA_USAGE = YES_ERROR;
				CLANG_WARN_DOCUMENTATION_COMMENTS = YES;
				CLANG_WARN_EMPTY_BODY = YES;
				CLANG_WARN_ENUM_CONVERSION = YES;
				CLANG_WARN_INFINITE_RECURSION = YES;
				CLANG_WARN_INT_CONVERSION = YES;
				CLANG_WARN_NON_LITERAL_NULL_CONVERSION = YES;
				CLANG_WARN_OBJC_LITERAL_CONVERSION = YES;
				CLANG_WARN_OBJC_ROOT_CLASS = YES_ERROR;
				CLANG_WARN_RANGE_LOOP_ANALYSIS = YES;
				CLANG_WARN_STRICT_PROTOTYPES = YES;
				CLANG_WARN_SUSPICIOUS_MOVE = YES;
				CLANG_WARN_UNREACHABLE_CODE = YES;
				CLANG_WARN__DUPLICATE_METHOD_MATCH = YES;
				"CODE_SIGN_IDENTITY[sdk=iphoneos*]" = "iPhone Developer";
				COPY_PHASE_STRIP = NO;
				DEBUG_INFORMATION_FORMAT = "dwarf-with-dsym";
				ENABLE_NS_ASSERTIONS = NO;
				ENABLE_STRICT_OBJC_MSGSEND = YES;
				GCC_C_LANGUAGE_STANDARD = gnu99;
				GCC_NO_COMMON_BLOCKS = YES;
				GCC_WARN_64_TO_32_BIT_CONVERSION = YES;
				GCC_WARN_ABOUT_RETURN_TYPE = YES_ERROR;
				GCC_WARN_UNDECLARED_SELECTOR = YES;
				GCC_WARN_UNINITIALIZED_AUTOS = YES_AGGRESSIVE;
				GCC_WARN_UNUSED_FUNCTION = YES;
				GCC_WARN_UNUSED_VARIABLE = YES;
				IPHONEOS_DEPLOYMENT_TARGET = 10.3;
				MTL_ENABLE_DEBUG_INFO = NO;
				SDKROOT = iphoneos;
				SWIFT_OPTIMIZATION_LEVEL = "-Owholemodule";
				VALIDATE_PRODUCT = YES;
			};
			name = Release;
		};
		A2BC22511F79D7DB00CBDE3B /* Debug */ = {
			isa = XCBuildConfiguration;
			baseConfigurationReference = AEE195BDE70D998F2A6A73D2 /* Pods-YesReady.debug.xcconfig */;
			buildSettings = {
				ASSETCATALOG_COMPILER_APPICON_NAME = AppIcon;
				INFOPLIST_FILE = YesReady/Info.plist;
				LD_RUNPATH_SEARCH_PATHS = "$(inherited) @executable_path/Frameworks";
				PRODUCT_BUNDLE_IDENTIFIER = HealthCare.YesReady;
				PRODUCT_NAME = "$(TARGET_NAME)";
				SWIFT_SWIFT3_OBJC_INFERENCE = On;
				SWIFT_VERSION = 3.0;
			};
			name = Debug;
		};
		A2BC22521F79D7DB00CBDE3B /* Release */ = {
			isa = XCBuildConfiguration;
			baseConfigurationReference = B4EBEB60EAF929631F218FBF /* Pods-YesReady.release.xcconfig */;
			buildSettings = {
				ASSETCATALOG_COMPILER_APPICON_NAME = AppIcon;
				INFOPLIST_FILE = YesReady/Info.plist;
				LD_RUNPATH_SEARCH_PATHS = "$(inherited) @executable_path/Frameworks";
				PRODUCT_BUNDLE_IDENTIFIER = HealthCare.YesReady;
				PRODUCT_NAME = "$(TARGET_NAME)";
				SWIFT_SWIFT3_OBJC_INFERENCE = On;
				SWIFT_VERSION = 3.0;
			};
			name = Release;
		};
/* End XCBuildConfiguration section */

/* Begin XCConfigurationList section */
		A2BC22391F79D7DA00CBDE3B /* Build configuration list for PBXProject "YesReady" */ = {
			isa = XCConfigurationList;
			buildConfigurations = (
				A2BC224E1F79D7DB00CBDE3B /* Debug */,
				A2BC224F1F79D7DB00CBDE3B /* Release */,
			);
			defaultConfigurationIsVisible = 0;
			defaultConfigurationName = Release;
		};
		A2BC22501F79D7DB00CBDE3B /* Build configuration list for PBXNativeTarget "YesReady" */ = {
			isa = XCConfigurationList;
			buildConfigurations = (
				A2BC22511F79D7DB00CBDE3B /* Debug */,
				A2BC22521F79D7DB00CBDE3B /* Release */,
			);
			defaultConfigurationIsVisible = 0;
			defaultConfigurationName = Release;
		};
/* End XCConfigurationList section */
	};
	rootObject = A2BC22361F79D7DA00CBDE3B /* Project object */;
}
